
Microsoft Visual Studio Solution File, Format Version 12.00
# Visual Studio Version 17
VisualStudioVersion = 17.13.35825.156 d17.13
MinimumVisualStudioVersion = 10.0.40219.1
Project("{FAE04EC0-301F-11D3-BF4B-00C04F79EFBC}") = "Inventory.Data.Service", "Inventory.Data.Service.csproj", "{8890DCED-2E50-4158-82A4-88F174BB0EFA}"
EndProject
Global
	GlobalSection(SolutionConfigurationPlatforms) = preSolution
		Debug|Any CPU = Debug|Any CPU
		Release|Any CPU = Release|Any CPU
	EndGlobalSection
	GlobalSection(ProjectConfigurationPlatforms) = postSolution
		{8890DCED-2E50-4158-82A4-88F174BB0EFA}.Debug|Any CPU.ActiveCfg = Debug|Any CPU
		{8890DCED-2E50-4158-82A4-88F174BB0EFA}.Debug|Any CPU.Build.0 = Debug|Any CPU
		{8890DCED-2E50-4158-82A4-88F174BB0EFA}.Release|Any CPU.ActiveCfg = Release|Any CPU
		{8890DCED-2E50-4158-82A4-88F174BB0EFA}.Release|Any CPU.Build.0 = Release|Any CPU
	EndGlobalSection
	GlobalSection(SolutionProperties) = preSolution
		HideSolutionNode = FALSE
	EndGlobalSection
	GlobalSection(ExtensibilityGlobals) = postSolution
		SolutionGuid = {D4843E2B-522F-4DD4-9076-968A05D66B5B}
	EndGlobalSection
EndGlobal
